
Microsoft Visual Studio Solution File, Format Version 12.00
# Visual Studio Version 17
VisualStudioVersion = 17.14.36429.23
MinimumVisualStudioVersion = 10.0.40219.1
Project("{FAE04EC0-301F-11D3-BF4B-00C04F79EFBC}") = "PegauchoBackend", "PegauchoBackend\PegauchoBackend.csproj", "{396FC476-7C07-47D7-93C9-B5331C348D4B}"
EndProject
Project("{FAE04EC0-301F-11D3-BF4B-00C04F79EFBC}") = "Pegaucho.Shared", "Pegaucho.Shared\Pegaucho.Shared.csproj", "{54375066-0F4D-4447-A482-772506014797}"
EndProject
Project("{FAE04EC0-301F-11D3-BF4B-00C04F79EFBC}") = "Pegaucho.Frontend.Client", "Pegaucho.Frontend\Pegaucho.Frontend.Client\Pegaucho.Frontend.Client.csproj", "{DE46DEB6-8F94-2FF5-CD26-996B016D8991}"
EndProject
Project("{FAE04EC0-301F-11D3-BF4B-00C04F79EFBC}") = "Pegaucho.Frontend", "Pegaucho.Frontend\Pegaucho.Frontend\Pegaucho.Frontend.csproj", "{F6414B13-722F-237E-6D3D-782243045FD9}"
EndProject
Global
	GlobalSection(SolutionConfigurationPlatforms) = preSolution
		Debug|Any CPU = Debug|Any CPU
		Release|Any CPU = Release|Any CPU
	EndGlobalSection
	GlobalSection(ProjectConfigurationPlatforms) = postSolution
		{396FC476-7C07-47D7-93C9-B5331C348D4B}.Debug|Any CPU.ActiveCfg = Debug|Any CPU
		{396FC476-7C07-47D7-93C9-B5331C348D4B}.Debug|Any CPU.Build.0 = Debug|Any CPU
		{396FC476-7C07-47D7-93C9-B5331C348D4B}.Release|Any CPU.ActiveCfg = Release|Any CPU
		{396FC476-7C07-47D7-93C9-B5331C348D4B}.Release|Any CPU.Build.0 = Release|Any CPU
		{54375066-0F4D-4447-A482-772506014797}.Debug|Any CPU.ActiveCfg = Debug|Any CPU
		{54375066-0F4D-4447-A482-772506014797}.Debug|Any CPU.Build.0 = Debug|Any CPU
		{54375066-0F4D-4447-A482-772506014797}.Release|Any CPU.ActiveCfg = Release|Any CPU
		{54375066-0F4D-4447-A482-772506014797}.Release|Any CPU.Build.0 = Release|Any CPU
		{DE46DEB6-8F94-2FF5-CD26-996B016D8991}.Debug|Any CPU.ActiveCfg = Debug|Any CPU
		{DE46DEB6-8F94-2FF5-CD26-996B016D8991}.Debug|Any CPU.Build.0 = Debug|Any CPU
		{DE46DEB6-8F94-2FF5-CD26-996B016D8991}.Release|Any CPU.ActiveCfg = Release|Any CPU
		{DE46DEB6-8F94-2FF5-CD26-996B016D8991}.Release|Any CPU.Build.0 = Release|Any CPU
		{F6414B13-722F-237E-6D3D-782243045FD9}.Debug|Any CPU.ActiveCfg = Debug|Any CPU
		{F6414B13-722F-237E-6D3D-782243045FD9}.Debug|Any CPU.Build.0 = Debug|Any CPU
		{F6414B13-722F-237E-6D3D-782243045FD9}.Release|Any CPU.ActiveCfg = Release|Any CPU
		{F6414B13-722F-237E-6D3D-782243045FD9}.Release|Any CPU.Build.0 = Release|Any CPU
	EndGlobalSection
	GlobalSection(SolutionProperties) = preSolution
		HideSolutionNode = FALSE
	EndGlobalSection
	GlobalSection(ExtensibilityGlobals) = postSolution
		SolutionGuid = {D5B6F5FA-28C3-4D79-B89B-69640883FD23}
	EndGlobalSection
EndGlobal
